version = 1

[[fragment]]
path = ".gitignore"
source = "gitignore"
update = true
eol = "lf"

  [[fragment.files]]
  name = "macOS"
  path = "Global/macOS.gitignore"
  commit = "57286c3887203259752b747db94e6c3ad10ec53d"
  blob = "e5328c061b39eb6a3ab3a4310a2a0a0dfb3b2ec8"

  [[fragment.files]]
  name = "Windows"
  path = "Global/Windows.gitignore"
  commit = "57286c3887203259752b747db94e6c3ad10ec53d"
  blob = "84bffec74db3273565f4c9b3e9ffcc216cec1611"

  [[fragment.files]]
  name = "Linux"
  path = "Global/Linux.gitignore"
  commit = "57286c3887203259752b747db94e6c3ad10ec53d"
  blob = "35ea8c67239c3542d012454da948096a52d1bf06"

  [[fragment.files]]
  name = "VisualStudioCode"
  path = "Global/VisualStudioCode.gitignore"
  commit = "57286c3887203259752b747db94e6c3ad10ec53d"
  blob = "12ee62bbb7c5fb3449386f0580fe3ca09a64d173"

  [[fragment.files]]
  name = "Python"
  path = "Python.gitignore"
  commit = "57286c3887203259752b747db94e6c3ad10ec53d"
  blob = "b3ec7d5e13aa02435b3b4372b8cb22b57429924a"
